PODS:
  - OCE (13.0.4)

DEPENDENCIES:
  - "OCE (from `https://oce_dev:qJLaTaMaS3_jCBaRVysj@gitlab.ims.io/oce/oce-apps-framework-dev`, tag `13.0.4`)"

EXTERNAL SOURCES:
  OCE:
    :git: "https://oce_dev:qJLaTaMaS3_jCBaRVysj@gitlab.ims.io/oce/oce-apps-framework-dev"
    :tag: 13.0.4

CHECKOUT OPTIONS:
  OCE:
    :git: "https://oce_dev:qJLaTaMaS3_jCBaRVysj@gitlab.ims.io/oce/oce-apps-framework-dev"
    :tag: 13.0.4

SPEC CHECKSUMS:
  OCE: fb9a7fb4ec6cae865947a63feb5027708d3da430

PODFILE CHECKSUM: 04477db9b77ab10f9030f4caca19d5f2bed9b0d4

COCOAPODS: 1.11.2
