// !$*UTF8*$!
{
	archiveVersion = 1;
	classes = {
	};
	objectVersion = 77;
	objects = {

/* Begin PBXBuildFile section */
		B0279F4BA8C2709BEBFF3A96 /* Pods_CallToDos.framework in Frameworks */ = {isa = PBXBuildFile; fileRef = D455DF37E8BFEE27FCD4C685 /* Pods_CallToDos.framework */; };
		F2468CF82D83223C006C204D /* Security.framework in Frameworks */ = {isa = PBXBuildFile; fileRef = F2468CF72D83223C006C204D /* Security.framework */; };
		F2468CFA2D83223C006C204D /* MapKit.framework in Frameworks */ = {isa = PBXBuildFile; fileRef = F2468CF92D83223C006C204D /* MapKit.framework */; };
/* End PBXBuildFile section */

/* Begin PBXContainerItemProxy section */
		F2468D1E2D832240006C204D /* PBXContainerItemProxy */ = {
			isa = PBXContainerItemProxy;
			containerPortal = F2468CEA2D83223C006C204D /* Project object */;
			proxyType = 1;
			remoteGlobalIDString = F2468CF32D83223C006C204D;
			remoteInfo = CallToDos;
		};
		F2468D282D832240006C204D /* PBXContainerItemProxy */ = {
			isa = PBXContainerItemProxy;
			containerPortal = F2468CEA2D83223C006C204D /* Project object */;
			proxyType = 1;
			remoteGlobalIDString = F2468CF32D83223C006C204D;
			remoteInfo = CallToDos;
		};
/* End PBXContainerItemProxy section */

/* Begin PBXFileReference section */
		1534A3EA3131EB1AF7000579 /* Pods-CallToDos.debug.xcconfig */ = {isa = PBXFileReference; includeInIndex = 1; lastKnownFileType = text.xcconfig; name = "Pods-CallToDos.debug.xcconfig"; path = "Target Support Files/Pods-CallToDos/Pods-CallToDos.debug.xcconfig"; sourceTree = "<group>"; };
		BCCD30685B49A451E9996504 /* Pods-CallToDos.release.xcconfig */ = {isa = PBXFileReference; includeInIndex = 1; lastKnownFileType = text.xcconfig; name = "Pods-CallToDos.release.xcconfig"; path = "Target Support Files/Pods-CallToDos/Pods-CallToDos.release.xcconfig"; sourceTree = "<group>"; };
		D455DF37E8BFEE27FCD4C685 /* Pods_CallToDos.framework */ = {isa = PBXFileReference; explicitFileType = wrapper.framework; includeInIndex = 0; path = Pods_CallToDos.framework; sourceTree = BUILT_PRODUCTS_DIR; };
		F2468CF42D83223C006C204D /* CallToDos.app */ = {isa = PBXFileReference; explicitFileType = wrapper.application; includeInIndex = 0; path = CallToDos.app; sourceTree = BUILT_PRODUCTS_DIR; };
		F2468CF72D83223C006C204D /* Security.framework */ = {isa = PBXFileReference; lastKnownFileType = wrapper.framework; name = Security.framework; path = System/Library/Frameworks/Security.framework; sourceTree = SDKROOT; };
		F2468CF92D83223C006C204D /* MapKit.framework */ = {isa = PBXFileReference; lastKnownFileType = wrapper.framework; name = MapKit.framework; path = System/Library/Frameworks/MapKit.framework; sourceTree = SDKROOT; };
		F2468D1D2D832240006C204D /* CallToDosTests.xctest */ = {isa = PBXFileReference; explicitFileType = wrapper.cfbundle; includeInIndex = 0; path = CallToDosTests.xctest; sourceTree = BUILT_PRODUCTS_DIR; };
		F2468D272D832240006C204D /* CallToDosUITests.xctest */ = {isa = PBXFileReference; explicitFileType = wrapper.cfbundle; includeInIndex = 0; path = CallToDosUITests.xctest; sourceTree = BUILT_PRODUCTS_DIR; };
/* End PBXFileReference section */

/* Begin PBXFileSystemSynchronizedBuildFileExceptionSet section */
		F2468D2F2D832240006C204D /* Exceptions for "CallToDos" folder in "CallToDos" target */ = {
			isa = PBXFileSystemSynchronizedBuildFileExceptionSet;
			membershipExceptions = (
				Info.plist,
				react,
			);
			target = F2468CF32D83223C006C204D /* CallToDos */;
		};
/* End PBXFileSystemSynchronizedBuildFileExceptionSet section */

/* Begin PBXFileSystemSynchronizedRootGroup section */
		F2468CFB2D83223C006C204D /* CallToDos */ = {
			isa = PBXFileSystemSynchronizedRootGroup;
			exceptions = (
				F2468D2F2D832240006C204D /* Exceptions for "CallToDos" folder in "CallToDos" target */,
			);
			explicitFolders = (
				react,
			);
			path = CallToDos;
			sourceTree = "<group>";
		};
		F2468D202D832240006C204D /* CallToDosTests */ = {
			isa = PBXFileSystemSynchronizedRootGroup;
			exceptions = (
			);
			path = CallToDosTests;
			sourceTree = "<group>";
		};
		F2468D2A2D832240006C204D /* CallToDosUITests */ = {
			isa = PBXFileSystemSynchronizedRootGroup;
			exceptions = (
			);
			path = CallToDosUITests;
			sourceTree = "<group>";
		};
/* End PBXFileSystemSynchronizedRootGroup section */

/* Begin PBXFrameworksBuildPhase section */
		F2468CEF2D83223C006C204D /* Frameworks */ = {
			isa = PBXFrameworksBuildPhase;
			buildActionMask = 2147483647;
			files = (
				F2468CFA2D83223C006C204D /* MapKit.framework in Frameworks */,
				F2468CF82D83223C006C204D /* Security.framework in Frameworks */,
				B0279F4BA8C2709BEBFF3A96 /* Pods_CallToDos.framework in Frameworks */,
			);
			runOnlyForDeploymentPostprocessing = 0;
		};
		F2468D1A2D832240006C204D /* Frameworks */ = {
			isa = PBXFrameworksBuildPhase;
			buildActionMask = 2147483647;
			files = (
			);
			runOnlyForDeploymentPostprocessing = 0;
		};
		F2468D242D832240006C204D /* Frameworks */ = {
			isa = PBXFrameworksBuildPhase;
			buildActionMask = 2147483647;
			files = (
			);
			runOnlyForDeploymentPostprocessing = 0;
		};
/* End PBXFrameworksBuildPhase section */

/* Begin PBXGroup section */
		3F5118C18CA822210ADFE193 /* Pods */ = {
			isa = PBXGroup;
			children = (
				1534A3EA3131EB1AF7000579 /* Pods-CallToDos.debug.xcconfig */,
				BCCD30685B49A451E9996504 /* Pods-CallToDos.release.xcconfig */,
			);
			name = Pods;
			path = Pods;
			sourceTree = "<group>";
		};
		F2468CE92D83223C006C204D = {
			isa = PBXGroup;
			children = (
				F2468CFB2D83223C006C204D /* CallToDos */,
				F2468D202D832240006C204D /* CallToDosTests */,
				F2468D2A2D832240006C204D /* CallToDosUITests */,
				F2468CF62D83223C006C204D /* Frameworks */,
				F2468CF52D83223C006C204D /* Products */,
				3F5118C18CA822210ADFE193 /* Pods */,
			);
			sourceTree = "<group>";
		};
		F2468CF52D83223C006C204D /* Products */ = {
			isa = PBXGroup;
			children = (
				F2468CF42D83223C006C204D /* CallToDos.app */,
				F2468D1D2D832240006C204D /* CallToDosTests.xctest */,
				F2468D272D832240006C204D /* CallToDosUITests.xctest */,
			);
			name = Products;
			sourceTree = "<group>";
		};
		F2468CF62D83223C006C204D /* Frameworks */ = {
			isa = PBXGroup;
			children = (
				F2468CF72D83223C006C204D /* Security.framework */,
				F2468CF92D83223C006C204D /* MapKit.framework */,
				D455DF37E8BFEE27FCD4C685 /* Pods_CallToDos.framework */,
			);
			name = Frameworks;
			sourceTree = "<group>";
		};
/* End PBXGroup section */

/* Begin PBXNativeTarget section */
		F2468CF32D83223C006C204D /* CallToDos */ = {
			isa = PBXNativeTarget;
			buildConfigurationList = F2468D302D832240006C204D /* Build configuration list for PBXNativeTarget "CallToDos" */;
			buildPhases = (
				AEAF9BA4B51149C06AF3C20B /* [CP] Check Pods Manifest.lock */,
				F2468CEE2D83223C006C204D /* Sources */,
				F2468CEF2D83223C006C204D /* Frameworks */,
				F2468CF02D83223C006C204D /* Resources */,
				F2468CF12D83223C006C204D /* Start npm */,
				F2468CF22D83223C006C204D /* Bundle React Native code and images */,
				98D73068A8436B9A6E8EAFEA /* [CP] Embed Pods Frameworks */,
				11722C06217176E3A733F0FC /* [CP] Copy Pods Resources */,
			);
			buildRules = (
			);
			dependencies = (
			);
			fileSystemSynchronizedGroups = (
				F2468CFB2D83223C006C204D /* CallToDos */,
			);
			name = CallToDos;
			productName = CallToDos;
			productReference = F2468CF42D83223C006C204D /* CallToDos.app */;
			productType = "com.apple.product-type.application";
		};
		F2468D1C2D832240006C204D /* CallToDosTests */ = {
			isa = PBXNativeTarget;
			buildConfigurationList = F2468D352D832240006C204D /* Build configuration list for PBXNativeTarget "CallToDosTests" */;
			buildPhases = (
				F2468D192D832240006C204D /* Sources */,
				F2468D1A2D832240006C204D /* Frameworks */,
				F2468D1B2D832240006C204D /* Resources */,
			);
			buildRules = (
			);
			dependencies = (
				F2468D1F2D832240006C204D /* PBXTargetDependency */,
			);
			fileSystemSynchronizedGroups = (
				F2468D202D832240006C204D /* CallToDosTests */,
			);
			name = CallToDosTests;
			productName = CallToDosTests;
			productReference = F2468D1D2D832240006C204D /* CallToDosTests.xctest */;
			productType = "com.apple.product-type.bundle.unit-test";
		};
		F2468D262D832240006C204D /* CallToDosUITests */ = {
			isa = PBXNativeTarget;
			buildConfigurationList = F2468D382D832240006C204D /* Build configuration list for PBXNativeTarget "CallToDosUITests" */;
			buildPhases = (
				F2468D232D832240006C204D /* Sources */,
				F2468D242D832240006C204D /* Frameworks */,
				F2468D252D832240006C204D /* Resources */,
			);
			buildRules = (
			);
			dependencies = (
				F2468D292D832240006C204D /* PBXTargetDependency */,
			);
			fileSystemSynchronizedGroups = (
				F2468D2A2D832240006C204D /* CallToDosUITests */,
			);
			name = CallToDosUITests;
			productName = CallToDosUITests;
			productReference = F2468D272D832240006C204D /* CallToDosUITests.xctest */;
			productType = "com.apple.product-type.bundle.ui-testing";
		};
/* End PBXNativeTarget section */

/* Begin PBXProject section */
		F2468CEA2D83223C006C204D /* Project object */ = {
			isa = PBXProject;
			attributes = {
				BuildIndependentTargetsInParallel = 1;
				LastSwiftUpdateCheck = 1620;
				LastUpgradeCheck = 1620;
				TargetAttributes = {
					F2468CF32D83223C006C204D = {
						CreatedOnToolsVersion = 16.2;
					};
					F2468D1C2D832240006C204D = {
						CreatedOnToolsVersion = 16.2;
						TestTargetID = F2468CF32D83223C006C204D;
					};
					F2468D262D832240006C204D = {
						CreatedOnToolsVersion = 16.2;
						TestTargetID = F2468CF32D83223C006C204D;
					};
				};
			};
			buildConfigurationList = F2468CED2D83223C006C204D /* Build configuration list for PBXProject "CallToDos" */;
			developmentRegion = en;
			hasScannedForEncodings = 0;
			knownRegions = (
				en,
				Base,
			);
			mainGroup = F2468CE92D83223C006C204D;
			minimizedProjectReferenceProxies = 1;
			preferredProjectObjectVersion = 77;
			productRefGroup = F2468CF52D83223C006C204D /* Products */;
			projectDirPath = "";
			projectRoot = "";
			targets = (
				F2468CF32D83223C006C204D /* CallToDos */,
				F2468D1C2D832240006C204D /* CallToDosTests */,
				F2468D262D832240006C204D /* CallToDosUITests */,
			);
		};
/* End PBXProject section */

/* Begin PBXResourcesBuildPhase section */
		F2468CF02D83223C006C204D /* Resources */ = {
			isa = PBXResourcesBuildPhase;
			buildActionMask = 2147483647;
			files = (
			);
			runOnlyForDeploymentPostprocessing = 0;
		};
		F2468D1B2D832240006C204D /* Resources */ = {
			isa = PBXResourcesBuildPhase;
			buildActionMask = 2147483647;
			files = (
			);
			runOnlyForDeploymentPostprocessing = 0;
		};
		F2468D252D832240006C204D /* Resources */ = {
			isa = PBXResourcesBuildPhase;
			buildActionMask = 2147483647;
			files = (
			);
			runOnlyForDeploymentPostprocessing = 0;
		};
/* End PBXResourcesBuildPhase section */

/* Begin PBXShellScriptBuildPhase section */
		11722C06217176E3A733F0FC /* [CP] Copy Pods Resources */ = {
			isa = PBXShellScriptBuildPhase;
			buildActionMask = 2147483647;
			files = (
			);
			inputFileListPaths = (
			);
			name = "[CP] Copy Pods Resources";
			outputFileListPaths = (
			);
			runOnlyForDeploymentPostprocessing = 0;
			shellPath = /bin/sh;
			shellScript = "\"${PODS_ROOT}/Target Support Files/Pods-CallToDos/Pods-CallToDos-resources.sh\"\n";
			showEnvVarsInLog = 0;
		};
		98D73068A8436B9A6E8EAFEA /* [CP] Embed Pods Frameworks */ = {
			isa = PBXShellScriptBuildPhase;
			buildActionMask = 2147483647;
			files = (
			);
			inputFileListPaths = (
			);
			name = "[CP] Embed Pods Frameworks";
			outputFileListPaths = (
			);
			runOnlyForDeploymentPostprocessing = 0;
			shellPath = /bin/sh;
			shellScript = "\"${PODS_ROOT}/Target Support Files/Pods-CallToDos/Pods-CallToDos-frameworks.sh\"\n";
			showEnvVarsInLog = 0;
		};
		AEAF9BA4B51149C06AF3C20B /* [CP] Check Pods Manifest.lock */ = {
			isa = PBXShellScriptBuildPhase;
			buildActionMask = 2147483647;
			files = (
			);
			inputFileListPaths = (
			);
			inputPaths = (
				"${PODS_PODFILE_DIR_PATH}/Podfile.lock",
				"${PODS_ROOT}/Manifest.lock",
			);
			name = "[CP] Check Pods Manifest.lock";
			outputFileListPaths = (
			);
			outputPaths = (
				"$(DERIVED_FILE_DIR)/Pods-CallToDos-checkManifestLockResult.txt",
			);
			runOnlyForDeploymentPostprocessing = 0;
			shellPath = /bin/sh;
			shellScript = "diff \"${PODS_PODFILE_DIR_PATH}/Podfile.lock\" \"${PODS_ROOT}/Manifest.lock\" > /dev/null\nif [ $? != 0 ] ; then\n    # print error to STDERR\n    echo \"error: The sandbox is not in sync with the Podfile.lock. Run 'pod install' or update your CocoaPods installation.\" >&2\n    exit 1\nfi\n# This output is used by Xcode 'outputs' to avoid re-running this script phase.\necho \"SUCCESS\" > \"${SCRIPT_OUTPUT_FILE_0}\"\n";
			showEnvVarsInLog = 0;
		};
		F2468CF12D83223C006C204D /* Start npm */ = {
			isa = PBXShellScriptBuildPhase;
			buildActionMask = 2147483647;
			files = (
			);
			inputFileListPaths = (
			);
			inputPaths = (
			);
			name = "Start npm";
			outputFileListPaths = (
			);
			outputPaths = (
			);
			runOnlyForDeploymentPostprocessing = 0;
			shellPath = /bin/sh;
			shellScript = "sh \"${PROJECT_DIR}/${PROJECT_NAME}/Supporting Files/start-metro.sh\" --react-folder-path=\"${PROJECT_DIR}/${PROJECT_NAME}/react\" --metro-config-path=\"${PROJECT_DIR}/${PROJECT_NAME}/metroBundler.config.json\"";
		};
		F2468CF22D83223C006C204D /* Bundle React Native code and images */ = {
			isa = PBXShellScriptBuildPhase;
			buildActionMask = 2147483647;
			files = (
			);
			inputFileListPaths = (
			);
			inputPaths = (
			);
			name = "Bundle React Native code and images";
			outputFileListPaths = (
			);
			outputPaths = (
			);
			runOnlyForDeploymentPostprocessing = 0;
			shellPath = /bin/sh;
			shellScript = "export NODE_BINARY=node\nsh \"${PROJECT_DIR}/${PROJECT_NAME}/react/node_modules/react-native/scripts/react-native-xcode.sh\"";
		};
/* End PBXShellScriptBuildPhase section */

/* Begin PBXSourcesBuildPhase section */
		F2468CEE2D83223C006C204D /* Sources */ = {
			isa = PBXSourcesBuildPhase;
			buildActionMask = 2147483647;
			files = (
			);
			runOnlyForDeploymentPostprocessing = 0;
		};
		F2468D192D832240006C204D /* Sources */ = {
			isa = PBXSourcesBuildPhase;
			buildActionMask = 2147483647;
			files = (
			);
			runOnlyForDeploymentPostprocessing = 0;
		};
		F2468D232D832240006C204D /* Sources */ = {
			isa = PBXSourcesBuildPhase;
			buildActionMask = 2147483647;
			files = (
			);
			runOnlyForDeploymentPostprocessing = 0;
		};
/* End PBXSourcesBuildPhase section */

/* Begin PBXTargetDependency section */
		F2468D1F2D832240006C204D /* PBXTargetDependency */ = {
			isa = PBXTargetDependency;
			target = F2468CF32D83223C006C204D /* CallToDos */;
			targetProxy = F2468D1E2D832240006C204D /* PBXContainerItemProxy */;
		};
		F2468D292D832240006C204D /* PBXTargetDependency */ = {
			isa = PBXTargetDependency;
			target = F2468CF32D83223C006C204D /* CallToDos */;
			targetProxy = F2468D282D832240006C204D /* PBXContainerItemProxy */;
		};
/* End PBXTargetDependency section */

/* Begin XCBuildConfiguration section */
		F2468D312D832240006C204D /* Debug */ = {
			isa = XCBuildConfiguration;
			baseConfigurationReference = 1534A3EA3131EB1AF7000579 /* Pods-CallToDos.debug.xcconfig */;
			buildSettings = {
				ASSETCATALOG_COMPILER_APPICON_NAME = AppIcon;
				ASSETCATALOG_COMPILER_GLOBAL_ACCENT_COLOR_NAME = AccentColor;
				CODE_SIGN_STYLE = Automatic;
				CURRENT_PROJECT_VERSION = 1;
				DEVELOPMENT_TEAM = 67B2BUWGX8;
				GENERATE_INFOPLIST_FILE = YES;
				INFOPLIST_FILE = CallToDos/Info.plist;
				INFOPLIST_KEY_UIApplicationSupportsIndirectInputEvents = YES;
				INFOPLIST_KEY_UILaunchStoryboardName = LaunchScreen;
				INFOPLIST_KEY_UIMainStoryboardFile = Main;
				INFOPLIST_KEY_UISupportedInterfaceOrientations_iPad = "UIInterfaceOrientationPortrait UIInterfaceOrientationPortraitUpsideDown UIInterfaceOrientationLandscapeLeft UIInterfaceOrientationLandscapeRight";
				INFOPLIST_KEY_UISupportedInterfaceOrientations_iPhone = "UIInterfaceOrientationPortrait UIInterfaceOrientationLandscapeLeft UIInterfaceOrientationLandscapeRight";
				LD_RUNPATH_SEARCH_PATHS = (
					"$(inherited)",
					"@executable_path/Frameworks",
				);
				MARKETING_VERSION = 1.0;
				PRODUCT_BUNDLE_IDENTIFIER = "OCE-Labs.CallToDos";
				PRODUCT_NAME = "$(TARGET_NAME)";
				SWIFT_EMIT_LOC_STRINGS = YES;
				SWIFT_VERSION = 5.0;
				TARGETED_DEVICE_FAMILY = "1,2";
			};
			name = Debug;
		};
		F2468D322D832240006C204D /* Release */ = {
			isa = XCBuildConfiguration;
			baseConfigurationReference = BCCD30685B49A451E9996504 /* Pods-CallToDos.release.xcconfig */;
			buildSettings = {
				ASSETCATALOG_COMPILER_APPICON_NAME = AppIcon;
				ASSETCATALOG_COMPILER_GLOBAL_ACCENT_COLOR_NAME = AccentColor;
				CODE_SIGN_STYLE = Automatic;
				CURRENT_PROJECT_VERSION = 1;
				DEVELOPMENT_TEAM = 67B2BUWGX8;
				GENERATE_INFOPLIST_FILE = YES;
				INFOPLIST_FILE = CallToDos/Info.plist;
				INFOPLIST_KEY_UIApplicationSupportsIndirectInputEvents = YES;
				INFOPLIST_KEY_UILaunchStoryboardName = LaunchScreen;
				INFOPLIST_KEY_UIMainStoryboardFile = Main;
				INFOPLIST_KEY_UISupportedInterfaceOrientations_iPad = "UIInterfaceOrientationPortrait UIInterfaceOrientationPortraitUpsideDown UIInterfaceOrientationLandscapeLeft UIInterfaceOrientationLandscapeRight";
				INFOPLIST_KEY_UISupportedInterfaceOrientations_iPhone = "UIInterfaceOrientationPortrait UIInterfaceOrientationLandscapeLeft UIInterfaceOrientationLandscapeRight";
				LD_RUNPATH_SEARCH_PATHS = (
					"$(inherited)",
					"@executable_path/Frameworks",
				);
				MARKETING_VERSION = 1.0;
				PRODUCT_BUNDLE_IDENTIFIER = "OCE-Labs.CallToDos";
				PRODUCT_NAME = "$(TARGET_NAME)";
				SWIFT_EMIT_LOC_STRINGS = YES;
				SWIFT_VERSION = 5.0;
				TARGETED_DEVICE_FAMILY = "1,2";
			};
			name = Release;
		};
		F2468D332D832240006C204D /* Debug */ = {
			isa = XCBuildConfiguration;
			buildSettings = {
				ALWAYS_SEARCH_USER_PATHS = NO;
				ASSETCATALOG_COMPILER_GENERATE_SWIFT_ASSET_SYMBOL_EXTENSIONS = YES;
				CLANG_ANALYZER_NONNULL = YES;
				CLANG_ANALYZER_NUMBER_OBJECT_CONVERSION = YES_AGGRESSIVE;
				CLANG_CXX_LANGUAGE_STANDARD = "gnu++20";
				CLANG_ENABLE_MODULES = YES;
				CLANG_ENABLE_OBJC_ARC = YES;
				CLANG_ENABLE_OBJC_WEAK = YES;
				CLANG_WARN_BLOCK_CAPTURE_AUTORELEASING = YES;
				CLANG_WARN_BOOL_CONVERSION = YES;
				CLANG_WARN_COMMA = YES;
				CLANG_WARN_CONSTANT_CONVERSION = YES;
				CLANG_WARN_DEPRECATED_OBJC_IMPLEMENTATIONS = YES;
				CLANG_WARN_DIRECT_OBJC_ISA_USAGE = YES_ERROR;
				CLANG_WARN_DOCUMENTATION_COMMENTS = YES;
				CLANG_WARN_EMPTY_BODY = YES;
				CLANG_WARN_ENUM_CONVERSION = YES;
				CLANG_WARN_INFINITE_RECURSION = YES;
				CLANG_WARN_INT_CONVERSION = YES;
				CLANG_WARN_NON_LITERAL_NULL_CONVERSION = YES;
				CLANG_WARN_OBJC_IMPLICIT_RETAIN_SELF = YES;
				CLANG_WARN_OBJC_LITERAL_CONVERSION = YES;
				CLANG_WARN_OBJC_ROOT_CLASS = YES_ERROR;
				CLANG_WARN_QUOTED_INCLUDE_IN_FRAMEWORK_HEADER = YES;
				CLANG_WARN_RANGE_LOOP_ANALYSIS = YES;
				CLANG_WARN_STRICT_PROTOTYPES = YES;
				CLANG_WARN_SUSPICIOUS_MOVE = YES;
				CLANG_WARN_UNGUARDED_AVAILABILITY = YES_AGGRESSIVE;
				CLANG_WARN_UNREACHABLE_CODE = YES;
				CLANG_WARN__DUPLICATE_METHOD_MATCH = YES;
				COPY_PHASE_STRIP = NO;
				DEBUG_INFORMATION_FORMAT = dwarf;
				ENABLE_STRICT_OBJC_MSGSEND = YES;
				ENABLE_TESTABILITY = YES;
				ENABLE_USER_SCRIPT_SANDBOXING = NO;
				GCC_C_LANGUAGE_STANDARD = gnu17;
				GCC_DYNAMIC_NO_PIC = NO;
				GCC_NO_COMMON_BLOCKS = YES;
				GCC_OPTIMIZATION_LEVEL = 0;
				GCC_PREPROCESSOR_DEFINITIONS = (
					"DEBUG=1",
					"$(inherited)",
				);
				GCC_WARN_64_TO_32_BIT_CONVERSION = YES;
				GCC_WARN_ABOUT_RETURN_TYPE = YES_ERROR;
				GCC_WARN_UNDECLARED_SELECTOR = YES;
				GCC_WARN_UNINITIALIZED_AUTOS = YES_AGGRESSIVE;
				GCC_WARN_UNUSED_FUNCTION = YES;
				GCC_WARN_UNUSED_VARIABLE = YES;
				IPHONEOS_DEPLOYMENT_TARGET = 18.2;
				LOCALIZATION_PREFERS_STRING_CATALOGS = YES;
				MTL_ENABLE_DEBUG_INFO = INCLUDE_SOURCE;
				MTL_FAST_MATH = YES;
				ONLY_ACTIVE_ARCH = YES;
				SDKROOT = iphoneos;
				SUPPORTS_MACCATALYST = NO;
				SWIFT_ACTIVE_COMPILATION_CONDITIONS = "DEBUG $(inherited)";
				SWIFT_OPTIMIZATION_LEVEL = "-Onone";
			};
			name = Debug;
		};
		F2468D342D832240006C204D /* Release */ = {
			isa = XCBuildConfiguration;
			buildSettings = {
				ALWAYS_SEARCH_USER_PATHS = NO;
				ASSETCATALOG_COMPILER_GENERATE_SWIFT_ASSET_SYMBOL_EXTENSIONS = YES;
				CLANG_ANALYZER_NONNULL = YES;
				CLANG_ANALYZER_NUMBER_OBJECT_CONVERSION = YES_AGGRESSIVE;
				CLANG_CXX_LANGUAGE_STANDARD = "gnu++20";
				CLANG_ENABLE_MODULES = YES;
				CLANG_ENABLE_OBJC_ARC = YES;
				CLANG_ENABLE_OBJC_WEAK = YES;
				CLANG_WARN_BLOCK_CAPTURE_AUTORELEASING = YES;
				CLANG_WARN_BOOL_CONVERSION = YES;
				CLANG_WARN_COMMA = YES;
				CLANG_WARN_CONSTANT_CONVERSION = YES;
				CLANG_WARN_DEPRECATED_OBJC_IMPLEMENTATIONS = YES;
				CLANG_WARN_DIRECT_OBJC_ISA_USAGE = YES_ERROR;
				CLANG_WARN_DOCUMENTATION_COMMENTS = YES;
				CLANG_WARN_EMPTY_BODY = YES;
				CLANG_WARN_ENUM_CONVERSION = YES;
				CLANG_WARN_INFINITE_RECURSION = YES;
				CLANG_WARN_INT_CONVERSION = YES;
				CLANG_WARN_NON_LITERAL_NULL_CONVERSION = YES;
				CLANG_WARN_OBJC_IMPLICIT_RETAIN_SELF = YES;
				CLANG_WARN_OBJC_LITERAL_CONVERSION = YES;
				CLANG_WARN_OBJC_ROOT_CLASS = YES_ERROR;
				CLANG_WARN_QUOTED_INCLUDE_IN_FRAMEWORK_HEADER = YES;
				CLANG_WARN_RANGE_LOOP_ANALYSIS = YES;
				CLANG_WARN_STRICT_PROTOTYPES = YES;
				CLANG_WARN_SUSPICIOUS_MOVE = YES;
				CLANG_WARN_UNGUARDED_AVAILABILITY = YES_AGGRESSIVE;
				CLANG_WARN_UNREACHABLE_CODE = YES;
				CLANG_WARN__DUPLICATE_METHOD_MATCH = YES;
				COPY_PHASE_STRIP = NO;
				DEBUG_INFORMATION_FORMAT = "dwarf-with-dsym";
				ENABLE_NS_ASSERTIONS = NO;
				ENABLE_STRICT_OBJC_MSGSEND = YES;
				ENABLE_USER_SCRIPT_SANDBOXING = NO;
				GCC_C_LANGUAGE_STANDARD = gnu17;
				GCC_NO_COMMON_BLOCKS = YES;
				GCC_WARN_64_TO_32_BIT_CONVERSION = YES;
				GCC_WARN_ABOUT_RETURN_TYPE = YES_ERROR;
				GCC_WARN_UNDECLARED_SELECTOR = YES;
				GCC_WARN_UNINITIALIZED_AUTOS = YES_AGGRESSIVE;
				GCC_WARN_UNUSED_FUNCTION = YES;
				GCC_WARN_UNUSED_VARIABLE = YES;
				IPHONEOS_DEPLOYMENT_TARGET = 18.2;
				LOCALIZATION_PREFERS_STRING_CATALOGS = YES;
				MTL_ENABLE_DEBUG_INFO = NO;
				MTL_FAST_MATH = YES;
				SDKROOT = iphoneos;
				SUPPORTS_MACCATALYST = NO;
				SWIFT_COMPILATION_MODE = wholemodule;
				VALIDATE_PRODUCT = YES;
			};
			name = Release;
		};
		F2468D362D832240006C204D /* Debug */ = {
			isa = XCBuildConfiguration;
			buildSettings = {
				BUNDLE_LOADER = "$(TEST_HOST)";
				CODE_SIGN_STYLE = Automatic;
				CURRENT_PROJECT_VERSION = 1;
				DEVELOPMENT_TEAM = 67B2BUWGX8;
				ENABLE_USER_SCRIPT_SANDBOXING = YES;
				GENERATE_INFOPLIST_FILE = YES;
				IPHONEOS_DEPLOYMENT_TARGET = 18.2;
				MARKETING_VERSION = 1.0;
				PRODUCT_BUNDLE_IDENTIFIER = "OCE-Labs.CallToDosTests";
				PRODUCT_NAME = "$(TARGET_NAME)";
				SWIFT_EMIT_LOC_STRINGS = NO;
				SWIFT_VERSION = 5.0;
				TARGETED_DEVICE_FAMILY = "1,2";
				TEST_HOST = "$(BUILT_PRODUCTS_DIR)/CallToDos.app/$(BUNDLE_EXECUTABLE_FOLDER_PATH)/CallToDos";
			};
			name = Debug;
		};
		F2468D372D832240006C204D /* Release */ = {
			isa = XCBuildConfiguration;
			buildSettings = {
				BUNDLE_LOADER = "$(TEST_HOST)";
				CODE_SIGN_STYLE = Automatic;
				CURRENT_PROJECT_VERSION = 1;
				DEVELOPMENT_TEAM = 67B2BUWGX8;
				ENABLE_USER_SCRIPT_SANDBOXING = YES;
				GENERATE_INFOPLIST_FILE = YES;
				IPHONEOS_DEPLOYMENT_TARGET = 18.2;
				MARKETING_VERSION = 1.0;
				PRODUCT_BUNDLE_IDENTIFIER = "OCE-Labs.CallToDosTests";
				PRODUCT_NAME = "$(TARGET_NAME)";
				SWIFT_EMIT_LOC_STRINGS = NO;
				SWIFT_VERSION = 5.0;
				TARGETED_DEVICE_FAMILY = "1,2";
				TEST_HOST = "$(BUILT_PRODUCTS_DIR)/CallToDos.app/$(BUNDLE_EXECUTABLE_FOLDER_PATH)/CallToDos";
			};
			name = Release;
		};
		F2468D392D832240006C204D /* Debug */ = {
			isa = XCBuildConfiguration;
			buildSettings = {
				CODE_SIGN_STYLE = Automatic;
				CURRENT_PROJECT_VERSION = 1;
				DEVELOPMENT_TEAM = 67B2BUWGX8;
				ENABLE_USER_SCRIPT_SANDBOXING = YES;
				GENERATE_INFOPLIST_FILE = YES;
				MARKETING_VERSION = 1.0;
				PRODUCT_BUNDLE_IDENTIFIER = "OCE-Labs.CallToDosUITests";
				PRODUCT_NAME = "$(TARGET_NAME)";
				SWIFT_EMIT_LOC_STRINGS = NO;
				SWIFT_VERSION = 5.0;
				TARGETED_DEVICE_FAMILY = "1,2";
				TEST_TARGET_NAME = CallToDos;
			};
			name = Debug;
		};
		F2468D3A2D832240006C204D /* Release */ = {
			isa = XCBuildConfiguration;
			buildSettings = {
				CODE_SIGN_STYLE = Automatic;
				CURRENT_PROJECT_VERSION = 1;
				DEVELOPMENT_TEAM = 67B2BUWGX8;
				ENABLE_USER_SCRIPT_SANDBOXING = YES;
				GENERATE_INFOPLIST_FILE = YES;
				MARKETING_VERSION = 1.0;
				PRODUCT_BUNDLE_IDENTIFIER = "OCE-Labs.CallToDosUITests";
				PRODUCT_NAME = "$(TARGET_NAME)";
				SWIFT_EMIT_LOC_STRINGS = NO;
				SWIFT_VERSION = 5.0;
				TARGETED_DEVICE_FAMILY = "1,2";
				TEST_TARGET_NAME = CallToDos;
			};
			name = Release;
		};
/* End XCBuildConfiguration section */

/* Begin XCConfigurationList section */
		F2468CED2D83223C006C204D /* Build configuration list for PBXProject "CallToDos" */ = {
			isa = XCConfigurationList;
			buildConfigurations = (
				F2468D332D832240006C204D /* Debug */,
				F2468D342D832240006C204D /* Release */,
			);
			defaultConfigurationIsVisible = 0;
			defaultConfigurationName = Release;
		};
		F2468D302D832240006C204D /* Build configuration list for PBXNativeTarget "CallToDos" */ = {
			isa = XCConfigurationList;
			buildConfigurations = (
				F2468D312D832240006C204D /* Debug */,
				F2468D322D832240006C204D /* Release */,
			);
			defaultConfigurationIsVisible = 0;
			defaultConfigurationName = Release;
		};
		F2468D352D832240006C204D /* Build configuration list for PBXNativeTarget "CallToDosTests" */ = {
			isa = XCConfigurationList;
			buildConfigurations = (
				F2468D362D832240006C204D /* Debug */,
				F2468D372D832240006C204D /* Release */,
			);
			defaultConfigurationIsVisible = 0;
			defaultConfigurationName = Release;
		};
		F2468D382D832240006C204D /* Build configuration list for PBXNativeTarget "CallToDosUITests" */ = {
			isa = XCConfigurationList;
			buildConfigurations = (
				F2468D392D832240006C204D /* Debug */,
				F2468D3A2D832240006C204D /* Release */,
			);
			defaultConfigurationIsVisible = 0;
			defaultConfigurationName = Release;
		};
/* End XCConfigurationList section */
	};
	rootObject = F2468CEA2D83223C006C204D /* Project object */;
}
